{
  "name": "netlify-log-probe",
  "version": "1.0.0",
  "lockfileVersion": 3,
  "requires": true,
  "packages": {
    "": {
      "name": "netlify-log-probe",
      "version": "1.0.0",
      "dependencies": {
        "@netlify/blobs": "^8.0.0",
        "curl-cffi-node": "^0.1.8"
      }
    },
    "node_modules/@netlify/blobs": {
      "version": "8.2.0",
      "resolved": "https://registry.npmjs.org/@netlify/blobs/-/blobs-8.2.0.tgz",
      "integrity": "sha512-9djLZHBKsoKk8XCgwWSEPK9QnT8qqxEQGuYh48gFIcNLvpBKkLnHbDZuyUxmNemCfDz7h0HnMXgSPnnUVgARhg==",
      "license": "MIT",
      "engines": {
        "node": "^14.16.0 || >=16.0.0"
      }
    },
    "node_modules/curl-cffi-node": {
      "version": "0.1.8",
      "resolved": "https://registry.npmjs.org/curl-cffi-node/-/curl-cffi-node-0.1.8.tgz",
      "integrity": "sha512-4RSaBdr0C6ZVfKnzj4h+IpKPq7z18kF2OByVKQGo3/3FcVg1vMABWBboo80x93uSIOY0ogylyUL2+FcnG6NVFA==",
      "license": "MIT",
      "engines": {
        "node": ">=18"
      },
      "optionalDependencies": {
        "curl-cffi-node-darwin-arm64": "0.1.8",
        "curl-cffi-node-darwin-x64": "0.1.8",
        "curl-cffi-node-linux-arm64-gnu": "0.1.8",
        "curl-cffi-node-linux-x64-gnu": "0.1.8",
        "curl-cffi-node-win32-x64-msvc": "0.1.8"
      }
    }
  }
}
